Microsoft Visual Studio Solution File, Format Version 12.00
# Visual Studio Version 17
VisualStudioVersion = 17.5.2.0
MinimumVisualStudioVersion = 10.0.40219.1
Project("{2150E333-8FDC-42A3-9474-1A3956D46DE8}") = "dotnet_and_angular", "dotnet_and_angular", "{35628D71-2A5B-4DD3-676D-F065E3A5A100}"
EndProject
Project("{2150E333-8FDC-42A3-9474-1A3956D46DE8}") = "ProductStore", "ProductStore", "{654DD7AC-2488-F079-942F-A24D00217AFE}"
EndProject
Project("{FAE04EC0-301F-11D3-BF4B-00C04F79EFBC}") = "Server", "dotnet_and_angular\ProductStore\Server\Server.csproj", "{975DB6C7-E140-7F6F-9612-30CF3097A3AA}"
EndProject
Global
	GlobalSection(SolutionConfigurationPlatforms) = preSolution
		Debug|Any CPU = Debug|Any CPU
		Release|Any CPU = Release|Any CPU
	EndGlobalSection
	GlobalSection(ProjectConfigurationPlatforms) = postSolution
		{975DB6C7-E140-7F6F-9612-30CF3097A3AA}.Debug|Any CPU.ActiveCfg = Debug|Any CPU
		{975DB6C7-E140-7F6F-9612-30CF3097A3AA}.Debug|Any CPU.Build.0 = Debug|Any CPU
		{975DB6C7-E140-7F6F-9612-30CF3097A3AA}.Release|Any CPU.ActiveCfg = Release|Any CPU
		{975DB6C7-E140-7F6F-9612-30CF3097A3AA}.Release|Any CPU.Build.0 = Release|Any CPU
	EndGlobalSection
	GlobalSection(SolutionProperties) = preSolution
		HideSolutionNode = FALSE
	EndGlobalSection
	GlobalSection(NestedProjects) = preSolution
		{654DD7AC-2488-F079-942F-A24D00217AFE} = {35628D71-2A5B-4DD3-676D-F065E3A5A100}
		{975DB6C7-E140-7F6F-9612-30CF3097A3AA} = {654DD7AC-2488-F079-942F-A24D00217AFE}
	EndGlobalSection
	GlobalSection(ExtensibilityGlobals) = postSolution
		SolutionGuid = {C4082D46-184F-4751-B92A-255FBB038AF4}
	EndGlobalSection
EndGlobal
